
Microsoft Visual Studio Solution File, Format Version 12.00
# Visual Studio Version 16
VisualStudioVersion = 16.0.30611.23
MinimumVisualStudioVersion = 10.0.40219.1
Project("{FAE04EC0-301F-11D3-BF4B-00C04F79EFBC}") = "SalesWebMvc", "SalesWebMvc\SalesWebMvc.csproj", "{9ABD2F27-D271-4E98-A04C-4D84088D4083}"
EndProject
Global
	GlobalSection(SolutionConfigurationPlatforms) = preSolution
		Debug|Any CPU = Debug|Any CPU
		Release|Any CPU = Release|Any CPU
	EndGlobalSection
	GlobalSection(ProjectConfigurationPlatforms) = postSolution
		{9ABD2F27-D271-4E98-A04C-4D84088D4083}.Debug|Any CPU.ActiveCfg = Debug|Any CPU
		{9ABD2F27-D271-4E98-A04C-4D84088D4083}.Debug|Any CPU.Build.0 = Debug|Any CPU
		{9ABD2F27-D271-4E98-A04C-4D84088D4083}.Release|Any CPU.ActiveCfg = Release|Any CPU
		{9ABD2F27-D271-4E98-A04C-4D84088D4083}.Release|Any CPU.Build.0 = Release|Any CPU
	EndGlobalSection
	GlobalSection(SolutionProperties) = preSolution
		HideSolutionNode = FALSE
	EndGlobalSection
	GlobalSection(ExtensibilityGlobals) = postSolution
		SolutionGuid = {B46AEB1F-8446-4C6D-86CA-1674C60A14B4}
	EndGlobalSection
EndGlobal
